
Microsoft Visual Studio Solution File, Format Version 12.00
# Visual Studio Version 17
VisualStudioVersion = 17.0.31903.59
MinimumVisualStudioVersion = 10.0.40219.1
Project("{FAE04EC0-301F-11D3-BF4B-00C04F79EFBC}") = "Paradox", "Parser\Paradox.csproj", "{05485FC1-8647-4011-A460-E10C8FC0BC0C}"
EndProject
Project("{FAE04EC0-301F-11D3-BF4B-00C04F79EFBC}") = "Parser.Tests", "Parser.Tests\Parser.Tests.csproj", "{F712BA9A-765D-4216-9CBD-2D3FC0FC8722}"
EndProject
Global
	GlobalSection(SolutionConfigurationPlatforms) = preSolution
		Debug|Any CPU = Debug|Any CPU
		Release|Any CPU = Release|Any CPU
	EndGlobalSection
	GlobalSection(SolutionProperties) = preSolution
		HideSolutionNode = FALSE
	EndGlobalSection
	GlobalSection(ProjectConfigurationPlatforms) = postSolution
		{05485FC1-8647-4011-A460-E10C8FC0BC0C}.Debug|Any CPU.ActiveCfg = Debug|Any CPU
		{05485FC1-8647-4011-A460-E10C8FC0BC0C}.Debug|Any CPU.Build.0 = Debug|Any CPU
		{05485FC1-8647-4011-A460-E10C8FC0BC0C}.Release|Any CPU.ActiveCfg = Release|Any CPU
		{05485FC1-8647-4011-A460-E10C8FC0BC0C}.Release|Any CPU.Build.0 = Release|Any CPU
		{1E12D919-93FE-44E8-9957-544109F29EB9}.Debug|Any CPU.ActiveCfg = Debug|Any CPU
		{1E12D919-93FE-44E8-9957-544109F29EB9}.Debug|Any CPU.Build.0 = Debug|Any CPU
		{1E12D919-93FE-44E8-9957-544109F29EB9}.Release|Any CPU.ActiveCfg = Release|Any CPU
		{1E12D919-93FE-44E8-9957-544109F29EB9}.Release|Any CPU.Build.0 = Release|Any CPU
		{F712BA9A-765D-4216-9CBD-2D3FC0FC8722}.Debug|Any CPU.ActiveCfg = Debug|Any CPU
		{F712BA9A-765D-4216-9CBD-2D3FC0FC8722}.Debug|Any CPU.Build.0 = Debug|Any CPU
		{F712BA9A-765D-4216-9CBD-2D3FC0FC8722}.Release|Any CPU.ActiveCfg = Release|Any CPU
		{F712BA9A-765D-4216-9CBD-2D3FC0FC8722}.Release|Any CPU.Build.0 = Release|Any CPU
	EndGlobalSection
EndGlobal
